<?xml version="1.0" encoding="utf-8"?>
<Project ToolsVersion="4.0" xmlns="http://schemas.microsoft.com/developer/msbuild/2003">
  <ItemGroup>
    <ClCompile Include="src\ofApp.cpp">
      <Filter>src</Filter>
    </ClCompile>
    <ClCompile Include="src\main.cpp">
      <Filter>src</Filter>
    </ClCompile>
    <ClCompile Include="src\trajectoryPlanner.cpp" />
    <ClCompile Include="src\processThread.cpp" />
  </ItemGroup>
  <ItemGroup>
    <Filter Include="src">
      <UniqueIdentifier>{d8376475-7454-4a24-b08a-aac121d3ad6f}</UniqueIdentifier>
    </Filter>
    <Filter Include="addons">
      <UniqueIdentifier>{514bd102-2efb-493a-a45a-2ce92879fe06}</UniqueIdentifier>
    </Filter>
  </ItemGroup>
  <ItemGroup>
    <ClInclude Include="src\ofApp.h">
      <Filter>src</Filter>
    </ClInclude>
    <ClInclude Include="src\trajectoryPlanner.h">
      <Filter>src</Filter>
    </ClInclude>
    <ClInclude Include="src\quadCopter.h">
      <Filter>src</Filter>
    </ClInclude>
    <ClInclude Include="src\enviroment.h">
      <Filter>src</Filter>
    </ClInclude>
    <ClInclude Include="src\simulationNode.h">
      <Filter>src</Filter>
    </ClInclude>
    <ClInclude Include="src\simulationParam.h">
      <Filter>src</Filter>
    </ClInclude>
    <ClInclude Include="src\processThread.h">
      <Filter>src</Filter>
    </ClInclude>
  </ItemGroup>
</Project>